
Microsoft Visual Studio Solution File, Format Version 12.00
# Visual Studio Version 16
VisualStudioVersion = 16.0.34729.46
MinimumVisualStudioVersion = 10.0.40219.1
Project("{9A19103F-16F7-4668-BE54-9A1E7A4F7556}") = "CoreSM12", "CoreSM\CoreSM12.csproj", "{3783428B-6BC8-47CA-AC6B-1171ECD4B5C1}"
EndProject
Project("{FAE04EC0-301F-11D3-BF4B-00C04F79EFBC}") = "Digitax", "Digitax\Digitax.csproj", "{92486BD4-34A3-46F5-B199-B900F17367A5}"
EndProject
Global
	GlobalSection(SolutionConfigurationPlatforms) = preSolution
		Debug|Any CPU = Debug|Any CPU
		Release|Any CPU = Release|Any CPU
	EndGlobalSection
	GlobalSection(ProjectConfigurationPlatforms) = postSolution
		{3783428B-6BC8-47CA-AC6B-1171ECD4B5C1}.Debug|Any CPU.ActiveCfg = Debug|Any CPU
		{3783428B-6BC8-47CA-AC6B-1171ECD4B5C1}.Debug|Any CPU.Build.0 = Debug|Any CPU
		{3783428B-6BC8-47CA-AC6B-1171ECD4B5C1}.Release|Any CPU.ActiveCfg = Release|Any CPU
		{3783428B-6BC8-47CA-AC6B-1171ECD4B5C1}.Release|Any CPU.Build.0 = Release|Any CPU
		{92486BD4-34A3-46F5-B199-B900F17367A5}.Debug|Any CPU.ActiveCfg = Debug|Any CPU
		{92486BD4-34A3-46F5-B199-B900F17367A5}.Debug|Any CPU.Build.0 = Debug|Any CPU
		{92486BD4-34A3-46F5-B199-B900F17367A5}.Release|Any CPU.ActiveCfg = Release|Any CPU
		{92486BD4-34A3-46F5-B199-B900F17367A5}.Release|Any CPU.Build.0 = Release|Any CPU
	EndGlobalSection
	GlobalSection(SolutionProperties) = preSolution
		HideSolutionNode = FALSE
	EndGlobalSection
	GlobalSection(ExtensibilityGlobals) = postSolution
		SolutionGuid = {823FF854-EF19-4436-A90E-FC88E3972ECC}
	EndGlobalSection
EndGlobal
